Microsoft Visual Studio Solution File, Format Version 12.00
# Visual Studio Version 17
VisualStudioVersion = 17.0.32014.148
MinimumVisualStudioVersion = 16.0.0.0
Project("{2150E333-8FDC-42A3-9474-1A3956D46DE8}") = "src", "src", "{56C9B137-A5CF-48AB-8C41-A131174BE3B3}"
EndProject
Project("{9A19103F-16F7-4668-BE54-9A1E7A4F7556}") = "Persistence", "Persistence\Persistence.csproj", "{1FC12521-47ED-493E-B99E-5FD8E1F54D11}"
	ProjectSection(ProjectDependencies) = postProject
		{B54DBA13-D5C4-4C0A-80FC-E0E24F4D1FB6} = {B54DBA13-D5C4-4C0A-80FC-E0E24F4D1FB6}
	EndProjectSection
EndProject
Project("{9A19103F-16F7-4668-BE54-9A1E7A4F7556}") = "Domain", "Domain\Domain.csproj", "{B54DBA13-D5C4-4C0A-80FC-E0E24F4D1FB6}"
EndProject
Project("{9A19103F-16F7-4668-BE54-9A1E7A4F7556}") = "Services", "Services\Services.csproj", "{BFEDB7C2-C88B-4EE1-9055-9E37073D7BB9}"
	ProjectSection(ProjectDependencies) = postProject
		{B54DBA13-D5C4-4C0A-80FC-E0E24F4D1FB6} = {B54DBA13-D5C4-4C0A-80FC-E0E24F4D1FB6}
		{1FC12521-47ED-493E-B99E-5FD8E1F54D11} = {1FC12521-47ED-493E-B99E-5FD8E1F54D11}
		{2FC331BA-C9E9-4FBA-BDD8-1166BF3B2096} = {2FC331BA-C9E9-4FBA-BDD8-1166BF3B2096}
	EndProjectSection
EndProject
Project("{9A19103F-16F7-4668-BE54-9A1E7A4F7556}") = "Client", "Client\Client.csproj", "{2D45DE27-6D9B-4EA6-A716-F9793E480AE6}"
	ProjectSection(ProjectDependencies) = postProject
		{B54DBA13-D5C4-4C0A-80FC-E0E24F4D1FB6} = {B54DBA13-D5C4-4C0A-80FC-E0E24F4D1FB6}
		{2FC331BA-C9E9-4FBA-BDD8-1166BF3B2096} = {2FC331BA-C9E9-4FBA-BDD8-1166BF3B2096}
		{BFEDB7C2-C88B-4EE1-9055-9E37073D7BB9} = {BFEDB7C2-C88B-4EE1-9055-9E37073D7BB9}
	EndProjectSection
EndProject
Project("{9A19103F-16F7-4668-BE54-9A1E7A4F7556}") = "Server", "Server\Server.csproj", "{9A2DD0BF-E06E-43BF-84EC-C9AF40FBD678}"
	ProjectSection(ProjectDependencies) = postProject
		{B54DBA13-D5C4-4C0A-80FC-E0E24F4D1FB6} = {B54DBA13-D5C4-4C0A-80FC-E0E24F4D1FB6}
		{1FC12521-47ED-493E-B99E-5FD8E1F54D11} = {1FC12521-47ED-493E-B99E-5FD8E1F54D11}
		{2D45DE27-6D9B-4EA6-A716-F9793E480AE6} = {2D45DE27-6D9B-4EA6-A716-F9793E480AE6}
		{BFEDB7C2-C88B-4EE1-9055-9E37073D7BB9} = {BFEDB7C2-C88B-4EE1-9055-9E37073D7BB9}
	EndProjectSection
EndProject
Project("{9A19103F-16F7-4668-BE54-9A1E7A4F7556}") = "Shared", "Shared\Shared.csproj", "{2FC331BA-C9E9-4FBA-BDD8-1166BF3B2096}"
	ProjectSection(ProjectDependencies) = postProject
		{B54DBA13-D5C4-4C0A-80FC-E0E24F4D1FB6} = {B54DBA13-D5C4-4C0A-80FC-E0E24F4D1FB6}
	EndProjectSection
EndProject
Project("{2150E333-8FDC-42A3-9474-1A3956D46DE8}") = "tests", "tests", "{BECA38A2-6734-4233-AAF7-A8B5B64E923D}"
EndProject
Project("{9A19103F-16F7-4668-BE54-9A1E7A4F7556}") = "Domain.Tests", "Domain.Tests\Domain.Tests.csproj", "{E5A51971-8241-42C8-86C2-B934436FAC38}"
EndProject
Project("{FAE04EC0-301F-11D3-BF4B-00C04F79EFBC}") = "IntegrationTests", "IntegrationTests\IntegrationTests.csproj", "{0E379436-EB79-41EE-B796-009BD03B675E}"
EndProject
Global
	GlobalSection(SolutionConfigurationPlatforms) = preSolution
		Debug|Any CPU = Debug|Any CPU
		Debug|x64 = Debug|x64
		Debug|x86 = Debug|x86
		Release|Any CPU = Release|Any CPU
		Release|x64 = Release|x64
		Release|x86 = Release|x86
	EndGlobalSection
	GlobalSection(ProjectConfigurationPlatforms) = postSolution
		{1FC12521-47ED-493E-B99E-5FD8E1F54D11}.Debug|Any CPU.ActiveCfg = Debug|Any CPU
		{1FC12521-47ED-493E-B99E-5FD8E1F54D11}.Debug|Any CPU.Build.0 = Debug|Any CPU
		{1FC12521-47ED-493E-B99E-5FD8E1F54D11}.Debug|x64.ActiveCfg = Debug|Any CPU
		{1FC12521-47ED-493E-B99E-5FD8E1F54D11}.Debug|x64.Build.0 = Debug|Any CPU
		{1FC12521-47ED-493E-B99E-5FD8E1F54D11}.Debug|x86.ActiveCfg = Debug|Any CPU
		{1FC12521-47ED-493E-B99E-5FD8E1F54D11}.Debug|x86.Build.0 = Debug|Any CPU
		{1FC12521-47ED-493E-B99E-5FD8E1F54D11}.Release|Any CPU.ActiveCfg = Release|Any CPU
		{1FC12521-47ED-493E-B99E-5FD8E1F54D11}.Release|Any CPU.Build.0 = Release|Any CPU
		{1FC12521-47ED-493E-B99E-5FD8E1F54D11}.Release|x64.ActiveCfg = Release|Any CPU
		{1FC12521-47ED-493E-B99E-5FD8E1F54D11}.Release|x64.Build.0 = Release|Any CPU
		{1FC12521-47ED-493E-B99E-5FD8E1F54D11}.Release|x86.ActiveCfg = Release|Any CPU
		{1FC12521-47ED-493E-B99E-5FD8E1F54D11}.Release|x86.Build.0 = Release|Any CPU
		{B54DBA13-D5C4-4C0A-80FC-E0E24F4D1FB6}.Debug|Any CPU.ActiveCfg = Debug|Any CPU
		{B54DBA13-D5C4-4C0A-80FC-E0E24F4D1FB6}.Debug|Any CPU.Build.0 = Debug|Any CPU
		{B54DBA13-D5C4-4C0A-80FC-E0E24F4D1FB6}.Debug|x64.ActiveCfg = Debug|Any CPU
		{B54DBA13-D5C4-4C0A-80FC-E0E24F4D1FB6}.Debug|x64.Build.0 = Debug|Any CPU
		{B54DBA13-D5C4-4C0A-80FC-E0E24F4D1FB6}.Debug|x86.ActiveCfg = Debug|Any CPU
		{B54DBA13-D5C4-4C0A-80FC-E0E24F4D1FB6}.Debug|x86.Build.0 = Debug|Any CPU
		{B54DBA13-D5C4-4C0A-80FC-E0E24F4D1FB6}.Release|Any CPU.ActiveCfg = Release|Any CPU
		{B54DBA13-D5C4-4C0A-80FC-E0E24F4D1FB6}.Release|Any CPU.Build.0 = Release|Any CPU
		{B54DBA13-D5C4-4C0A-80FC-E0E24F4D1FB6}.Release|x64.ActiveCfg = Release|Any CPU
		{B54DBA13-D5C4-4C0A-80FC-E0E24F4D1FB6}.Release|x64.Build.0 = Release|Any CPU
		{B54DBA13-D5C4-4C0A-80FC-E0E24F4D1FB6}.Release|x86.ActiveCfg = Release|Any CPU
		{B54DBA13-D5C4-4C0A-80FC-E0E24F4D1FB6}.Release|x86.Build.0 = Release|Any CPU
		{BFEDB7C2-C88B-4EE1-9055-9E37073D7BB9}.Debug|Any CPU.ActiveCfg = Debug|Any CPU
		{BFEDB7C2-C88B-4EE1-9055-9E37073D7BB9}.Debug|Any CPU.Build.0 = Debug|Any CPU
		{BFEDB7C2-C88B-4EE1-9055-9E37073D7BB9}.Debug|x64.ActiveCfg = Debug|Any CPU
		{BFEDB7C2-C88B-4EE1-9055-9E37073D7BB9}.Debug|x64.Build.0 = Debug|Any CPU
		{BFEDB7C2-C88B-4EE1-9055-9E37073D7BB9}.Debug|x86.ActiveCfg = Debug|Any CPU
		{BFEDB7C2-C88B-4EE1-9055-9E37073D7BB9}.Debug|x86.Build.0 = Debug|Any CPU
		{BFEDB7C2-C88B-4EE1-9055-9E37073D7BB9}.Release|Any CPU.ActiveCfg = Release|Any CPU
		{BFEDB7C2-C88B-4EE1-9055-9E37073D7BB9}.Release|Any CPU.Build.0 = Release|Any CPU
		{BFEDB7C2-C88B-4EE1-9055-9E37073D7BB9}.Release|x64.ActiveCfg = Release|Any CPU
		{BFEDB7C2-C88B-4EE1-9055-9E37073D7BB9}.Release|x64.Build.0 = Release|Any CPU
		{BFEDB7C2-C88B-4EE1-9055-9E37073D7BB9}.Release|x86.ActiveCfg = Release|Any CPU
		{BFEDB7C2-C88B-4EE1-9055-9E37073D7BB9}.Release|x86.Build.0 = Release|Any CPU
		{2D45DE27-6D9B-4EA6-A716-F9793E480AE6}.Debug|Any CPU.ActiveCfg = Debug|Any CPU
		{2D45DE27-6D9B-4EA6-A716-F9793E480AE6}.Debug|Any CPU.Build.0 = Debug|Any CPU
		{2D45DE27-6D9B-4EA6-A716-F9793E480AE6}.Debug|x64.ActiveCfg = Debug|Any CPU
		{2D45DE27-6D9B-4EA6-A716-F9793E480AE6}.Debug|x64.Build.0 = Debug|Any CPU
		{2D45DE27-6D9B-4EA6-A716-F9793E480AE6}.Debug|x86.ActiveCfg = Debug|Any CPU
		{2D45DE27-6D9B-4EA6-A716-F9793E480AE6}.Debug|x86.Build.0 = Debug|Any CPU
		{2D45DE27-6D9B-4EA6-A716-F9793E480AE6}.Release|Any CPU.ActiveCfg = Release|Any CPU
		{2D45DE27-6D9B-4EA6-A716-F9793E480AE6}.Release|Any CPU.Build.0 = Release|Any CPU
		{2D45DE27-6D9B-4EA6-A716-F9793E480AE6}.Release|x64.ActiveCfg = Release|Any CPU
		{2D45DE27-6D9B-4EA6-A716-F9793E480AE6}.Release|x64.Build.0 = Release|Any CPU
		{2D45DE27-6D9B-4EA6-A716-F9793E480AE6}.Release|x86.ActiveCfg = Release|Any CPU
		{2D45DE27-6D9B-4EA6-A716-F9793E480AE6}.Release|x86.Build.0 = Release|Any CPU
		{9A2DD0BF-E06E-43BF-84EC-C9AF40FBD678}.Debug|Any CPU.ActiveCfg = Debug|Any CPU
		{9A2DD0BF-E06E-43BF-84EC-C9AF40FBD678}.Debug|Any CPU.Build.0 = Debug|Any CPU
		{9A2DD0BF-E06E-43BF-84EC-C9AF40FBD678}.Debug|x64.ActiveCfg = Debug|Any CPU
		{9A2DD0BF-E06E-43BF-84EC-C9AF40FBD678}.Debug|x64.Build.0 = Debug|Any CPU
		{9A2DD0BF-E06E-43BF-84EC-C9AF40FBD678}.Debug|x86.ActiveCfg = Debug|Any CPU
		{9A2DD0BF-E06E-43BF-84EC-C9AF40FBD678}.Debug|x86.Build.0 = Debug|Any CPU
		{9A2DD0BF-E06E-43BF-84EC-C9AF40FBD678}.Release|Any CPU.ActiveCfg = Release|Any CPU
		{9A2DD0BF-E06E-43BF-84EC-C9AF40FBD678}.Release|Any CPU.Build.0 = Release|Any CPU
		{9A2DD0BF-E06E-43BF-84EC-C9AF40FBD678}.Release|x64.ActiveCfg = Release|Any CPU
		{9A2DD0BF-E06E-43BF-84EC-C9AF40FBD678}.Release|x64.Build.0 = Release|Any CPU
		{9A2DD0BF-E06E-43BF-84EC-C9AF40FBD678}.Release|x86.ActiveCfg = Release|Any CPU
		{9A2DD0BF-E06E-43BF-84EC-C9AF40FBD678}.Release|x86.Build.0 = Release|Any CPU
		{2FC331BA-C9E9-4FBA-BDD8-1166BF3B2096}.Debug|Any CPU.ActiveCfg = Debug|Any CPU
		{2FC331BA-C9E9-4FBA-BDD8-1166BF3B2096}.Debug|Any CPU.Build.0 = Debug|Any CPU
		{2FC331BA-C9E9-4FBA-BDD8-1166BF3B2096}.Debug|x64.ActiveCfg = Debug|Any CPU
		{2FC331BA-C9E9-4FBA-BDD8-1166BF3B2096}.Debug|x64.Build.0 = Debug|Any CPU
		{2FC331BA-C9E9-4FBA-BDD8-1166BF3B2096}.Debug|x86.ActiveCfg = Debug|Any CPU
		{2FC331BA-C9E9-4FBA-BDD8-1166BF3B2096}.Debug|x86.Build.0 = Debug|Any CPU
		{2FC331BA-C9E9-4FBA-BDD8-1166BF3B2096}.Release|Any CPU.ActiveCfg = Release|Any CPU
		{2FC331BA-C9E9-4FBA-BDD8-1166BF3B2096}.Release|Any CPU.Build.0 = Release|Any CPU
		{2FC331BA-C9E9-4FBA-BDD8-1166BF3B2096}.Release|x64.ActiveCfg = Release|Any CPU
		{2FC331BA-C9E9-4FBA-BDD8-1166BF3B2096}.Release|x64.Build.0 = Release|Any CPU
		{2FC331BA-C9E9-4FBA-BDD8-1166BF3B2096}.Release|x86.ActiveCfg = Release|Any CPU
		{2FC331BA-C9E9-4FBA-BDD8-1166BF3B2096}.Release|x86.Build.0 = Release|Any CPU
		{E5A51971-8241-42C8-86C2-B934436FAC38}.Debug|Any CPU.ActiveCfg = Debug|Any CPU
		{E5A51971-8241-42C8-86C2-B934436FAC38}.Debug|Any CPU.Build.0 = Debug|Any CPU
		{E5A51971-8241-42C8-86C2-B934436FAC38}.Debug|x64.ActiveCfg = Debug|Any CPU
		{E5A51971-8241-42C8-86C2-B934436FAC38}.Debug|x64.Build.0 = Debug|Any CPU
		{E5A51971-8241-42C8-86C2-B934436FAC38}.Debug|x86.ActiveCfg = Debug|Any CPU
		{E5A51971-8241-42C8-86C2-B934436FAC38}.Debug|x86.Build.0 = Debug|Any CPU
		{E5A51971-8241-42C8-86C2-B934436FAC38}.Release|Any CPU.ActiveCfg = Release|Any CPU
		{E5A51971-8241-42C8-86C2-B934436FAC38}.Release|Any CPU.Build.0 = Release|Any CPU
		{E5A51971-8241-42C8-86C2-B934436FAC38}.Release|x64.ActiveCfg = Release|Any CPU
		{E5A51971-8241-42C8-86C2-B934436FAC38}.Release|x64.Build.0 = Release|Any CPU
		{E5A51971-8241-42C8-86C2-B934436FAC38}.Release|x86.ActiveCfg = Release|Any CPU
		{E5A51971-8241-42C8-86C2-B934436FAC38}.Release|x86.Build.0 = Release|Any CPU
		{0E379436-EB79-41EE-B796-009BD03B675E}.Debug|Any CPU.ActiveCfg = Debug|Any CPU
		{0E379436-EB79-41EE-B796-009BD03B675E}.Debug|Any CPU.Build.0 = Debug|Any CPU
		{0E379436-EB79-41EE-B796-009BD03B675E}.Debug|x64.ActiveCfg = Debug|Any CPU
		{0E379436-EB79-41EE-B796-009BD03B675E}.Debug|x64.Build.0 = Debug|Any CPU
		{0E379436-EB79-41EE-B796-009BD03B675E}.Debug|x86.ActiveCfg = Debug|Any CPU
		{0E379436-EB79-41EE-B796-009BD03B675E}.Debug|x86.Build.0 = Debug|Any CPU
		{0E379436-EB79-41EE-B796-009BD03B675E}.Release|Any CPU.ActiveCfg = Release|Any CPU
		{0E379436-EB79-41EE-B796-009BD03B675E}.Release|Any CPU.Build.0 = Release|Any CPU
		{0E379436-EB79-41EE-B796-009BD03B675E}.Release|x64.ActiveCfg = Release|Any CPU
		{0E379436-EB79-41EE-B796-009BD03B675E}.Release|x64.Build.0 = Release|Any CPU
		{0E379436-EB79-41EE-B796-009BD03B675E}.Release|x86.ActiveCfg = Release|Any CPU
		{0E379436-EB79-41EE-B796-009BD03B675E}.Release|x86.Build.0 = Release|Any CPU
	EndGlobalSection
	GlobalSection(SolutionProperties) = preSolution
		HideSolutionNode = FALSE
	EndGlobalSection
	GlobalSection(NestedProjects) = preSolution
		{1FC12521-47ED-493E-B99E-5FD8E1F54D11} = {56C9B137-A5CF-48AB-8C41-A131174BE3B3}
		{B54DBA13-D5C4-4C0A-80FC-E0E24F4D1FB6} = {56C9B137-A5CF-48AB-8C41-A131174BE3B3}
		{BFEDB7C2-C88B-4EE1-9055-9E37073D7BB9} = {56C9B137-A5CF-48AB-8C41-A131174BE3B3}
		{2D45DE27-6D9B-4EA6-A716-F9793E480AE6} = {56C9B137-A5CF-48AB-8C41-A131174BE3B3}
		{9A2DD0BF-E06E-43BF-84EC-C9AF40FBD678} = {56C9B137-A5CF-48AB-8C41-A131174BE3B3}
		{2FC331BA-C9E9-4FBA-BDD8-1166BF3B2096} = {56C9B137-A5CF-48AB-8C41-A131174BE3B3}
		{E5A51971-8241-42C8-86C2-B934436FAC38} = {BECA38A2-6734-4233-AAF7-A8B5B64E923D}
	EndGlobalSection
	GlobalSection(ExtensibilityGlobals) = postSolution
		SolutionGuid = {2A196718-04BB-40A8-9AFC-E720E4361CB8}
	EndGlobalSection
EndGlobal
